
Microsoft Visual Studio Solution File, Format Version 12.00
# Visual Studio Version 17
VisualStudioVersion = 17.11.35222.181
MinimumVisualStudioVersion = 10.0.40219.1
Project("{FAE04EC0-301F-11D3-BF4B-00C04F79EFBC}") = "EcoChallenge", "EcoChallenge.csproj", "{B182AAE0-9CE7-4348-8886-6806D21F3FA7}"
EndProject
Global
	GlobalSection(SolutionConfigurationPlatforms) = preSolution
		Debug|Any CPU = Debug|Any CPU
		Release|Any CPU = Release|Any CPU
	EndGlobalSection
	GlobalSection(ProjectConfigurationPlatforms) = postSolution
		{B182AAE0-9CE7-4348-8886-6806D21F3FA7}.Debug|Any CPU.ActiveCfg = Debug|Any CPU
		{B182AAE0-9CE7-4348-8886-6806D21F3FA7}.Debug|Any CPU.Build.0 = Debug|Any CPU
		{B182AAE0-9CE7-4348-8886-6806D21F3FA7}.Release|Any CPU.ActiveCfg = Release|Any CPU
		{B182AAE0-9CE7-4348-8886-6806D21F3FA7}.Release|Any CPU.Build.0 = Release|Any CPU
	EndGlobalSection
	GlobalSection(SolutionProperties) = preSolution
		HideSolutionNode = FALSE
	EndGlobalSection
	GlobalSection(ExtensibilityGlobals) = postSolution
		SolutionGuid = {6742527E-8930-4106-B8F5-67117B174D0B}
	EndGlobalSection
EndGlobal
